// !$*UTF8*$!
{
	archiveVersion = 1;
	classes = {
	};
	objectVersion = 46;
	objects = {

/* Begin PBXBuildFile section */
		F836BC451D2CDD1B004E2966 /* AudioEngineManager.m in Sources */ = {isa = PBXBuildFile; fileRef = F836BC441D2CDD1B004E2966 /* AudioEngineManager.m */; };
		F836BC481D2CFF45004E2966 /* AudioMp3Convent.m in Sources */ = {isa = PBXBuildFile; fileRef = F836BC471D2CFF45004E2966 /* AudioMp3Convent.m */; };
		F896C6D41D2C456B005E3962 /* AudioWrapper.m in Sources */ = {isa = PBXBuildFile; fileRef = F896C6D21D2C456B005E3962 /* AudioWrapper.m */; };
		F896C6D51D2C456B005E3962 /* lame.framework in Frameworks */ = {isa = PBXBuildFile; fileRef = F896C6D31D2C456B005E3962 /* lame.framework */; };
		F8BCDAF61D2AC0B10049E346 /* main.m in Sources */ = {isa = PBXBuildFile; fileRef = F8BCDAF51D2AC0B10049E346 /* main.m */; };
		F8BCDAF91D2AC0B10049E346 /* AppDelegate.m in Sources */ = {isa = PBXBuildFile; fileRef = F8BCDAF81D2AC0B10049E346 /* AppDelegate.m */; };
		F8BCDAFC1D2AC0B10049E346 /* ViewController.m in Sources */ = {isa = PBXBuildFile; fileRef = F8BCDAFB1D2AC0B10049E346 /* ViewController.m */; };
		F8BCDAFF1D2AC0B10049E346 /* Main.storyboard in Resources */ = {isa = PBXBuildFile; fileRef = F8BCDAFD1D2AC0B10049E346 /* Main.storyboard */; };
		F8BCDB011D2AC0B10049E346 /* Assets.xcassets in Resources */ = {isa = PBXBuildFile; fileRef = F8BCDB001D2AC0B10049E346 /* Assets.xcassets */; };
		F8BCDB041D2AC0B10049E346 /* LaunchScreen.storyboard in Resources */ = {isa = PBXBuildFile; fileRef = F8BCDB021D2AC0B10049E346 /* LaunchScreen.storyboard */; };
		F8BCDB0D1D2AC0D20049E346 /* AudioRecorder.m in Sources */ = {isa = PBXBuildFile; fileRef = F8BCDB0C1D2AC0D20049E346 /* AudioRecorder.m */; };
		F8BCDB101D2B51E40049E346 /* KKSimplePlayer.m in Sources */ = {isa = PBXBuildFile; fileRef = F8BCDB0F1D2B51E40049E346 /* KKSimplePlayer.m */; };
		F8BCDB141D2B75020049E346 /* AVFoundation.framework in Frameworks */ = {isa = PBXBuildFile; fileRef = F8BCDB131D2B75020049E346 /* AVFoundation.framework */; };
/* End PBXBuildFile section */

/* Begin PBXFileReference section */
		F836BC431D2CDD1B004E2966 /* AudioEngineManager.h */ = {isa = PBXFileReference; fileEncoding = 4; lastKnownFileType = sourcecode.c.h; path = AudioEngineManager.h; sourceTree = "<group>"; };
		F836BC441D2CDD1B004E2966 /* AudioEngineManager.m */ = {isa = PBXFileReference; fileEncoding = 4; lastKnownFileType = sourcecode.c.objc; path = AudioEngineManager.m; sourceTree = "<group>"; };
		F836BC461D2CFF45004E2966 /* AudioMp3Convent.h */ = {isa = PBXFileReference; fileEncoding = 4; lastKnownFileType = sourcecode.c.h; path = AudioMp3Convent.h; sourceTree = "<group>"; };
		F836BC471D2CFF45004E2966 /* AudioMp3Convent.m */ = {isa = PBXFileReference; fileEncoding = 4; lastKnownFileType = sourcecode.c.objc; path = AudioMp3Convent.m; sourceTree = "<group>"; };
		F896C6D11D2C456B005E3962 /* AudioWrapper.h */ = {isa = PBXFileReference; fileEncoding = 4; lastKnownFileType = sourcecode.c.h; path = AudioWrapper.h; sourceTree = "<group>"; };
		F896C6D21D2C456B005E3962 /* AudioWrapper.m */ = {isa = PBXFileReference; fileEncoding = 4; lastKnownFileType = sourcecode.c.objc; path = AudioWrapper.m; sourceTree = "<group>"; };
		F896C6D31D2C456B005E3962 /* lame.framework */ = {isa = PBXFileReference; lastKnownFileType = wrapper.framework; path = lame.framework; sourceTree = "<group>"; };
		F8BCDAF11D2AC0B10049E346 /* VoiceRecorder.app */ = {isa = PBXFileReference; explicitFileType = wrapper.application; includeInIndex = 0; path = VoiceRecorder.app; sourceTree = BUILT_PRODUCTS_DIR; };
		F8BCDAF51D2AC0B10049E346 /* main.m */ = {isa = PBXFileReference; lastKnownFileType = sourcecode.c.objc; path = main.m; sourceTree = "<group>"; };
		F8BCDAF71D2AC0B10049E346 /* AppDelegate.h */ = {isa = PBXFileReference; lastKnownFileType = sourcecode.c.h; path = AppDelegate.h; sourceTree = "<group>"; };
		F8BCDAF81D2AC0B10049E346 /* AppDelegate.m */ = {isa = PBXFileReference; lastKnownFileType = sourcecode.c.objc; path = AppDelegate.m; sourceTree = "<group>"; };
		F8BCDAFA1D2AC0B10049E346 /* ViewController.h */ = {isa = PBXFileReference; lastKnownFileType = sourcecode.c.h; path = ViewController.h; sourceTree = "<group>"; };
		F8BCDAFB1D2AC0B10049E346 /* ViewController.m */ = {isa = PBXFileReference; lastKnownFileType = sourcecode.c.objc; path = ViewController.m; sourceTree = "<group>"; };
		F8BCDAFE1D2AC0B10049E346 /* Base */ = {isa = PBXFileReference; lastKnownFileType = file.storyboard; name = Base; path = Base.lproj/Main.storyboard; sourceTree = "<group>"; };
		F8BCDB001D2AC0B10049E346 /* Assets.xcassets */ = {isa = PBXFileReference; lastKnownFileType = folder.assetcatalog; path = Assets.xcassets; sourceTree = "<group>"; };
		F8BCDB031D2AC0B10049E346 /* Base */ = {isa = PBXFileReference; lastKnownFileType = file.storyboard; name = Base; path = Base.lproj/LaunchScreen.storyboard; sourceTree = "<group>"; };
		F8BCDB051D2AC0B10049E346 /* Info.plist */ = {isa = PBXFileReference; lastKnownFileType = text.plist.xml; path = Info.plist; sourceTree = "<group>"; };
		F8BCDB0B1D2AC0D20049E346 /* AudioRecorder.h */ = {isa = PBXFileReference; fileEncoding = 4; lastKnownFileType = sourcecode.c.h; path = AudioRecorder.h; sourceTree = "<group>"; };
		F8BCDB0C1D2AC0D20049E346 /* AudioRecorder.m */ = {isa = PBXFileReference; fileEncoding = 4; lastKnownFileType = sourcecode.c.objc; path = AudioRecorder.m; sourceTree = "<group>"; };
		F8BCDB0E1D2B51E40049E346 /* KKSimplePlayer.h */ = {isa = PBXFileReference; fileEncoding = 4; lastKnownFileType = sourcecode.c.h; path = KKSimplePlayer.h; sourceTree = "<group>"; };
		F8BCDB0F1D2B51E40049E346 /* KKSimplePlayer.m */ = {isa = PBXFileReference; fileEncoding = 4; lastKnownFileType = sourcecode.c.objc; path = KKSimplePlayer.m; sourceTree = "<group>"; };
		F8BCDB131D2B75020049E346 /* AVFoundation.framework */ = {isa = PBXFileReference; lastKnownFileType = wrapper.framework; name = AVFoundation.framework; path = System/Library/Frameworks/AVFoundation.framework; sourceTree = SDKROOT; };
/* End PBXFileReference section */

/* Begin PBXFrameworksBuildPhase section */
		F8BCDAEE1D2AC0B10049E346 /* Frameworks */ = {
			isa = PBXFrameworksBuildPhase;
			buildActionMask = 2147483647;
			files = (
				F8BCDB141D2B75020049E346 /* AVFoundation.framework in Frameworks */,
				F896C6D51D2C456B005E3962 /* lame.framework in Frameworks */,
			);
			runOnlyForDeploymentPostprocessing = 0;
		};
/* End PBXFrameworksBuildPhase section */

/* Begin PBXGroup section */
		F836BC421D2CDCBC004E2966 /* AudioEngineRecorder */ = {
			isa = PBXGroup;
			children = (
				F836BC431D2CDD1B004E2966 /* AudioEngineManager.h */,
				F836BC441D2CDD1B004E2966 /* AudioEngineManager.m */,
			);
			name = AudioEngineRecorder;
			sourceTree = "<group>";
		};
		F896C6D01D2C456B005E3962 /* libmp3lame */ = {
			isa = PBXGroup;
			children = (
				F836BC461D2CFF45004E2966 /* AudioMp3Convent.h */,
				F836BC471D2CFF45004E2966 /* AudioMp3Convent.m */,
				F896C6D11D2C456B005E3962 /* AudioWrapper.h */,
				F896C6D21D2C456B005E3962 /* AudioWrapper.m */,
				F896C6D31D2C456B005E3962 /* lame.framework */,
			);
			path = libmp3lame;
			sourceTree = "<group>";
		};
		F8BCDAE81D2AC0B10049E346 = {
			isa = PBXGroup;
			children = (
				F8BCDB131D2B75020049E346 /* AVFoundation.framework */,
				F8BCDAF31D2AC0B10049E346 /* VoiceRecorder */,
			);
			sourceTree = "<group>";
		};
		F8BCDAF21D2AC0B10049E346 /* Products */ = {
			isa = PBXGroup;
			children = (
				F8BCDAF11D2AC0B10049E346 /* VoiceRecorder.app */,
			);
			name = Products;
			path = ..;
			sourceTree = "<group>";
		};
		F8BCDAF31D2AC0B10049E346 /* VoiceRecorder */ = {
			isa = PBXGroup;
			children = (
				F8BCDB001D2AC0B10049E346 /* Assets.xcassets */,
				F8BCDB021D2AC0B10049E346 /* LaunchScreen.storyboard */,
				F8BCDAFD1D2AC0B10049E346 /* Main.storyboard */,
				F8BCDAF71D2AC0B10049E346 /* AppDelegate.h */,
				F8BCDAF81D2AC0B10049E346 /* AppDelegate.m */,
				F8BCDAFA1D2AC0B10049E346 /* ViewController.h */,
				F8BCDAFB1D2AC0B10049E346 /* ViewController.m */,
				F896C6D01D2C456B005E3962 /* libmp3lame */,
				F8BCDB111D2B6CFE0049E346 /* AudioQueuePlayer */,
				F8BCDB121D2B6D0D0049E346 /* AudioQueueRecorder */,
				F836BC421D2CDCBC004E2966 /* AudioEngineRecorder */,
				F8BCDAF21D2AC0B10049E346 /* Products */,
				F8BCDAF41D2AC0B10049E346 /* Supporting Files */,
			);
			path = VoiceRecorder;
			sourceTree = "<group>";
		};
		F8BCDAF41D2AC0B10049E346 /* Supporting Files */ = {
			isa = PBXGroup;
			children = (
				F8BCDB051D2AC0B10049E346 /* Info.plist */,
				F8BCDAF51D2AC0B10049E346 /* main.m */,
			);
			name = "Supporting Files";
			sourceTree = "<group>";
		};
		F8BCDB111D2B6CFE0049E346 /* AudioQueuePlayer */ = {
			isa = PBXGroup;
			children = (
				F8BCDB0E1D2B51E40049E346 /* KKSimplePlayer.h */,
				F8BCDB0F1D2B51E40049E346 /* KKSimplePlayer.m */,
			);
			name = AudioQueuePlayer;
			sourceTree = "<group>";
		};
		F8BCDB121D2B6D0D0049E346 /* AudioQueueRecorder */ = {
			isa = PBXGroup;
			children = (
				F8BCDB0B1D2AC0D20049E346 /* AudioRecorder.h */,
				F8BCDB0C1D2AC0D20049E346 /* AudioRecorder.m */,
			);
			name = AudioQueueRecorder;
			sourceTree = "<group>";
		};
/* End PBXGroup section */

/* Begin PBXNativeTarget section */
		F8BCDAF01D2AC0B10049E346 /* VoiceRecorder */ = {
			isa = PBXNativeTarget;
			buildConfigurationList = F8BCDB081D2AC0B10049E346 /* Build configuration list for PBXNativeTarget "VoiceRecorder" */;
			buildPhases = (
				F8BCDAED1D2AC0B10049E346 /* Sources */,
				F8BCDAEE1D2AC0B10049E346 /* Frameworks */,
				F8BCDAEF1D2AC0B10049E346 /* Resources */,
			);
			buildRules = (
			);
			dependencies = (
			);
			name = VoiceRecorder;
			productName = VoiceRecorder;
			productReference = F8BCDAF11D2AC0B10049E346 /* VoiceRecorder.app */;
			productType = "com.apple.product-type.application";
		};
/* End PBXNativeTarget section */

/* Begin PBXProject section */
		F8BCDAE91D2AC0B10049E346 /* Project object */ = {
			isa = PBXProject;
			attributes = {
				LastUpgradeCheck = 0730;
				ORGANIZATIONNAME = w91379137;
				TargetAttributes = {
					F8BCDAF01D2AC0B10049E346 = {
						CreatedOnToolsVersion = 7.3.1;
					};
				};
			};
			buildConfigurationList = F8BCDAEC1D2AC0B10049E346 /* Build configuration list for PBXProject "VoiceRecorder" */;
			compatibilityVersion = "Xcode 3.2";
			developmentRegion = English;
			hasScannedForEncodings = 0;
			knownRegions = (
				en,
				Base,
			);
			mainGroup = F8BCDAE81D2AC0B10049E346;
			productRefGroup = F8BCDAF21D2AC0B10049E346 /* Products */;
			projectDirPath = "";
			projectRoot = "";
			targets = (
				F8BCDAF01D2AC0B10049E346 /* VoiceRecorder */,
			);
		};
/* End PBXProject section */

/* Begin PBXResourcesBuildPhase section */
		F8BCDAEF1D2AC0B10049E346 /* Resources */ = {
			isa = PBXResourcesBuildPhase;
			buildActionMask = 2147483647;
			files = (
				F8BCDB041D2AC0B10049E346 /* LaunchScreen.storyboard in Resources */,
				F8BCDB011D2AC0B10049E346 /* Assets.xcassets in Resources */,
				F8BCDAFF1D2AC0B10049E346 /* Main.storyboard in Resources */,
			);
			runOnlyForDeploymentPostprocessing = 0;
		};
/* End PBXResourcesBuildPhase section */

/* Begin PBXSourcesBuildPhase section */
		F8BCDAED1D2AC0B10049E346 /* Sources */ = {
			isa = PBXSourcesBuildPhase;
			buildActionMask = 2147483647;
			files = (
				F8BCDAFC1D2AC0B10049E346 /* ViewController.m in Sources */,
				F836BC451D2CDD1B004E2966 /* AudioEngineManager.m in Sources */,
				F8BCDAF91D2AC0B10049E346 /* AppDelegate.m in Sources */,
				F836BC481D2CFF45004E2966 /* AudioMp3Convent.m in Sources */,
				F8BCDB0D1D2AC0D20049E346 /* AudioRecorder.m in Sources */,
				F8BCDAF61D2AC0B10049E346 /* main.m in Sources */,
				F896C6D41D2C456B005E3962 /* AudioWrapper.m in Sources */,
				F8BCDB101D2B51E40049E346 /* KKSimplePlayer.m in Sources */,
			);
			runOnlyForDeploymentPostprocessing = 0;
		};
/* End PBXSourcesBuildPhase section */

/* Begin PBXVariantGroup section */
		F8BCDAFD1D2AC0B10049E346 /* Main.storyboard */ = {
			isa = PBXVariantGroup;
			children = (
				F8BCDAFE1D2AC0B10049E346 /* Base */,
			);
			name = Main.storyboard;
			sourceTree = "<group>";
		};
		F8BCDB021D2AC0B10049E346 /* LaunchScreen.storyboard */ = {
			isa = PBXVariantGroup;
			children = (
				F8BCDB031D2AC0B10049E346 /* Base */,
			);
			name = LaunchScreen.storyboard;
			sourceTree = "<group>";
		};
/* End PBXVariantGroup section */

/* Begin XCBuildConfiguration section */
		F8BCDB061D2AC0B10049E346 /* Debug */ = {
			isa = XCBuildConfiguration;
			buildSettings = {
				ALWAYS_SEARCH_USER_PATHS = NO;
				CLANG_ANALYZER_NONNULL = YES;
				CLANG_CXX_LANGUAGE_STANDARD = "gnu++0x";
				CLANG_CXX_LIBRARY = "libc++";
				CLANG_ENABLE_MODULES = YES;
				CLANG_ENABLE_OBJC_ARC = YES;
				CLANG_WARN_BOOL_CONVERSION = YES;
				CLANG_WARN_CONSTANT_CONVERSION = YES;
				CLANG_WARN_DIRECT_OBJC_ISA_USAGE = YES_ERROR;
				CLANG_WARN_EMPTY_BODY = YES;
				CLANG_WARN_ENUM_CONVERSION = YES;
				CLANG_WARN_INT_CONVERSION = YES;
				CLANG_WARN_OBJC_ROOT_CLASS = YES_ERROR;
				CLANG_WARN_UNREACHABLE_CODE = YES;
				CLANG_WARN__DUPLICATE_METHOD_MATCH = YES;
				"CODE_SIGN_IDENTITY[sdk=iphoneos*]" = "iPhone Developer";
				COPY_PHASE_STRIP = NO;
				DEBUG_INFORMATION_FORMAT = dwarf;
				ENABLE_STRICT_OBJC_MSGSEND = YES;
				ENABLE_TESTABILITY = YES;
				GCC_C_LANGUAGE_STANDARD = gnu99;
				GCC_DYNAMIC_NO_PIC = NO;
				GCC_NO_COMMON_BLOCKS = YES;
				GCC_OPTIMIZATION_LEVEL = 0;
				GCC_PREPROCESSOR_DEFINITIONS = (
					"DEBUG=1",
					"$(inherited)",
				);
				GCC_WARN_64_TO_32_BIT_CONVERSION = YES;
				GCC_WARN_ABOUT_RETURN_TYPE = YES_ERROR;
				GCC_WARN_UNDECLARED_SELECTOR = YES;
				GCC_WARN_UNINITIALIZED_AUTOS = YES_AGGRESSIVE;
				GCC_WARN_UNUSED_FUNCTION = YES;
				GCC_WARN_UNUSED_VARIABLE = YES;
				IPHONEOS_DEPLOYMENT_TARGET = 9.3;
				MTL_ENABLE_DEBUG_INFO = YES;
				ONLY_ACTIVE_ARCH = YES;
				SDKROOT = iphoneos;
			};
			name = Debug;
		};
		F8BCDB071D2AC0B10049E346 /* Release */ = {
			isa = XCBuildConfiguration;
			buildSettings = {
				ALWAYS_SEARCH_USER_PATHS = NO;
				CLANG_ANALYZER_NONNULL = YES;
				CLANG_CXX_LANGUAGE_STANDARD = "gnu++0x";
				CLANG_CXX_LIBRARY = "libc++";
				CLANG_ENABLE_MODULES = YES;
				CLANG_ENABLE_OBJC_ARC = YES;
				CLANG_WARN_BOOL_CONVERSION = YES;
				CLANG_WARN_CONSTANT_CONVERSION = YES;
				CLANG_WARN_DIRECT_OBJC_ISA_USAGE = YES_ERROR;
				CLANG_WARN_EMPTY_BODY = YES;
				CLANG_WARN_ENUM_CONVERSION = YES;
				CLANG_WARN_INT_CONVERSION = YES;
				CLANG_WARN_OBJC_ROOT_CLASS = YES_ERROR;
				CLANG_WARN_UNREACHABLE_CODE = YES;
				CLANG_WARN__DUPLICATE_METHOD_MATCH = YES;
				"CODE_SIGN_IDENTITY[sdk=iphoneos*]" = "iPhone Developer";
				COPY_PHASE_STRIP = NO;
				DEBUG_INFORMATION_FORMAT = "dwarf-with-dsym";
				ENABLE_NS_ASSERTIONS = NO;
				ENABLE_STRICT_OBJC_MSGSEND = YES;
				GCC_C_LANGUAGE_STANDARD = gnu99;
				GCC_NO_COMMON_BLOCKS = YES;
				GCC_WARN_64_TO_32_BIT_CONVERSION = YES;
				GCC_WARN_ABOUT_RETURN_TYPE = YES_ERROR;
				GCC_WARN_UNDECLARED_SELECTOR = YES;
				GCC_WARN_UNINITIALIZED_AUTOS = YES_AGGRESSIVE;
				GCC_WARN_UNUSED_FUNCTION = YES;
				GCC_WARN_UNUSED_VARIABLE = YES;
				IPHONEOS_DEPLOYMENT_TARGET = 9.3;
				MTL_ENABLE_DEBUG_INFO = NO;
				SDKROOT = iphoneos;
				VALIDATE_PRODUCT = YES;
			};
			name = Release;
		};
		F8BCDB091D2AC0B10049E346 /* Debug */ = {
			isa = XCBuildConfiguration;
			buildSettings = {
				ASSETCATALOG_COMPILER_APPICON_NAME = AppIcon;
				FRAMEWORK_SEARCH_PATHS = (
					"$(inherited)",
					"$(PROJECT_DIR)/VoiceRecorder/libmp3lame",
				);
				INFOPLIST_FILE = VoiceRecorder/Info.plist;
				LD_RUNPATH_SEARCH_PATHS = "$(inherited) @executable_path/Frameworks";
				PRODUCT_BUNDLE_IDENTIFIER = com.a.VoiceRecorder;
				PRODUCT_NAME = "$(TARGET_NAME)";
			};
			name = Debug;
		};
		F8BCDB0A1D2AC0B10049E346 /* Release */ = {
			isa = XCBuildConfiguration;
			buildSettings = {
				ASSETCATALOG_COMPILER_APPICON_NAME = AppIcon;
				FRAMEWORK_SEARCH_PATHS = (
					"$(inherited)",
					"$(PROJECT_DIR)/VoiceRecorder/libmp3lame",
				);
				INFOPLIST_FILE = VoiceRecorder/Info.plist;
				LD_RUNPATH_SEARCH_PATHS = "$(inherited) @executable_path/Frameworks";
				PRODUCT_BUNDLE_IDENTIFIER = com.a.VoiceRecorder;
				PRODUCT_NAME = "$(TARGET_NAME)";
			};
			name = Release;
		};
/* End XCBuildConfiguration section */

/* Begin XCConfigurationList section */
		F8BCDAEC1D2AC0B10049E346 /* Build configuration list for PBXProject "VoiceRecorder" */ = {
			isa = XCConfigurationList;
			buildConfigurations = (
				F8BCDB061D2AC0B10049E346 /* Debug */,
				F8BCDB071D2AC0B10049E346 /* Release */,
			);
			defaultConfigurationIsVisible = 0;
			defaultConfigurationName = Release;
		};
		F8BCDB081D2AC0B10049E346 /* Build configuration list for PBXNativeTarget "VoiceRecorder" */ = {
			isa = XCConfigurationList;
			buildConfigurations = (
				F8BCDB091D2AC0B10049E346 /* Debug */,
				F8BCDB0A1D2AC0B10049E346 /* Release */,
			);
			defaultConfigurationIsVisible = 0;
			defaultConfigurationName = Release;
		};
/* End XCConfigurationList section */
	};
	rootObject = F8BCDAE91D2AC0B10049E346 /* Project object */;
}
